PODS:
  - AFNetworking (4.0.1):
    - AFNetworking/NSURLSession (= 4.0.1)
    - AFNetworking/Reachability (= 4.0.1)
    - AFNetworking/Security (= 4.0.1)
    - AFNetworking/Serialization (= 4.0.1)
    - AFNetworking/UIKit (= 4.0.1)
  - AFNetworking/NSURLSession (4.0.1):
    - AFNetworking/Reachability
    - AFNetworking/Security
    - AFNetworking/Serialization
  - AFNetworking/Reachability (4.0.1)
  - AFNetworking/Security (4.0.1)
  - AFNetworking/Serialization (4.0.1)
  - AFNetworking/UIKit (4.0.1):
    - AFNetworking/NSURLSession
  - ReactiveObjC (3.1.1)
  - XDCocoaExts (0.0.4):
    - XDCocoaExts/DataExts (= 0.0.4)
    - XDCocoaExts/StringExts (= 0.0.4)
  - XDCocoaExts/DataExts (0.0.4)
  - XDCocoaExts/StringExts (0.0.4)

DEPENDENCIES:
  - AFNetworking (= 4.0.1)
  - ReactiveObjC (= 3.1.1)
  - XDCocoaExts (from `https://github.com/huangxiaoduo/XDCocoaExts.git`, tag `0.0.4`)

SPEC REPOS:
  trunk:
    - AFNetworking
    - ReactiveObjC

EXTERNAL SOURCES:
  XDCocoaExts:
    :git: https://github.com/huangxiaoduo/XDCocoaExts.git
    :tag: 0.0.4

CHECKOUT OPTIONS:
  XDCocoaExts:
    :git: https://github.com/huangxiaoduo/XDCocoaExts.git
    :tag: 0.0.4

SPEC CHECKSUMS:
  AFNetworking: 3bd23d814e976cd148d7d44c3ab78017b744cd58
  ReactiveObjC: 011caa393aa0383245f2dcf9bf02e86b80b36040
  XDCocoaExts: ecf9a9baf706f15ee76f8f725c4e4e2ce31ff656

PODFILE CHECKSUM: 269cd65398bba38a3e558a8a910e67306b9c2cbe

COCOAPODS: 1.16.2
