// !$*UTF8*$!
{
	archiveVersion = 1;
	classes = {
	};
	objectVersion = 54;
	objects = {

/* Begin PBXBuildFile section */
		0207DA581B56EA530066E2B4 /* Assets.xcassets in Resources */ = {isa = PBXBuildFile; fileRef = 0207DA571B56EA530066E2B4 /* Assets.xcassets */; };
		1D3623260D0F684500981E51 /* AppDelegate.m in Sources */ = {isa = PBXBuildFile; fileRef = 1D3623250D0F684500981E51 /* AppDelegate.m */; };
		1D60589B0D05DD56006BFB54 /* main.m in Sources */ = {isa = PBXBuildFile; fileRef = 29B97316FDCFA39411CA2CEA /* main.m */; };
		301BF552109A68D80062928A /* libCordova.a in Frameworks */ = {isa = PBXBuildFile; fileRef = 301BF535109A57CC0062928A /* libCordova.a */; settings = {ATTRIBUTES = (Required, ); }; };
		302D95F114D2391D003F00A1 /* MainViewController.m in Sources */ = {isa = PBXBuildFile; fileRef = 302D95EF14D2391D003F00A1 /* MainViewController.m */; };
		302D95F214D2391D003F00A1 /* MainViewController.xib in Resources */ = {isa = PBXBuildFile; fileRef = 302D95F014D2391D003F00A1 /* MainViewController.xib */; };
		4E7CA2B6272ABB0D00177EF9 /* config.xml in Copy Staging Resources */ = {isa = PBXBuildFile; fileRef = F840E1F0165FE0F500CFE078 /* config.xml */; };
		4E7CA2B7272ABB0D00177EF9 /* www in Copy Staging Resources */ = {isa = PBXBuildFile; fileRef = 301BF56E109A69640062928A /* www */; };
		501BFA082D253EDB006D1AE3 /* H5InvokeCommand.m in Sources */ = {isa = PBXBuildFile; fileRef = 501BFA072D253EDB006D1AE3 /* H5InvokeCommand.m */; };
		501BFA122D2572EF006D1AE3 /* H5CommandProxy.m in Sources */ = {isa = PBXBuildFile; fileRef = 501BFA112D2572EF006D1AE3 /* H5CommandProxy.m */; };
		5039CAC92D2C14690069D971 /* libipp.a in Frameworks */ = {isa = PBXBuildFile; fileRef = 5039CAC82D2C14690069D971 /* libipp.a */; };
		5053F5592D23FC1600A3F23A /* ToNativeBridge.m in Sources */ = {isa = PBXBuildFile; fileRef = 5053F5582D23FC1600A3F23A /* ToNativeBridge.m */; };
		50766F082D2982A800B4DBDB /* DeviceInfoApi.m in Sources */ = {isa = PBXBuildFile; fileRef = 50766F072D2982A800B4DBDB /* DeviceInfoApi.m */; };
		6AFF5BF91D6E424B00AB3073 /* CDVLaunchScreen.storyboard in Resources */ = {isa = PBXBuildFile; fileRef = 6AFF5BF81D6E424B00AB3073 /* CDVLaunchScreen.storyboard */; };
		90B630EF2AECBBD0009EF368 /* PrivacyInfo.xcprivacy in Resources */ = {isa = PBXBuildFile; fileRef = 90B630EE2AECBBD0009EF368 /* PrivacyInfo.xcprivacy */; };
		99127B322D2634D100CBB870 /* CDVViewController+MVVM.m in Sources */ = {isa = PBXBuildFile; fileRef = 99127B312D2634D100CBB870 /* CDVViewController+MVVM.m */; };
		996BF6702D2BDB2F002D8950 /* DeviceWifiConfigure.m in Sources */ = {isa = PBXBuildFile; fileRef = 996BF66F2D2BDB2F002D8950 /* DeviceWifiConfigure.m */; };
		996BF6A12D2CFA09002D8950 /* DeviceOnlineApi.m in Sources */ = {isa = PBXBuildFile; fileRef = 996BF6A02D2CFA09002D8950 /* DeviceOnlineApi.m */; };
		996BF6BD2D2D01AC002D8950 /* DeviceWifiConfigureSoftAP.m in Sources */ = {isa = PBXBuildFile; fileRef = 996BF6BC2D2D01AC002D8950 /* DeviceWifiConfigureSoftAP.m */; };
		996BF6C32D2D0D8D002D8950 /* DirectLink.m in Sources */ = {isa = PBXBuildFile; fileRef = 996BF6C22D2D0D8D002D8950 /* DirectLink.m */; };
		996BF6C42D2D0D8D002D8950 /* DirectData.m in Sources */ = {isa = PBXBuildFile; fileRef = 996BF6C02D2D0D8D002D8950 /* DirectData.m */; };
		996BF6C92D2D0F8B002D8950 /* DeviceWifiConfigureKL.m in Sources */ = {isa = PBXBuildFile; fileRef = 996BF6C82D2D0F8B002D8950 /* DeviceWifiConfigureKL.m */; };
		99FCCC462D27BC2200A5E689 /* Dev.xcconfig in Resources */ = {isa = PBXBuildFile; fileRef = 99FCCC452D27BC2200A5E689 /* Dev.xcconfig */; };
		99FCCC482D27BC3000A5E689 /* Test.xcconfig in Resources */ = {isa = PBXBuildFile; fileRef = 99FCCC472D27BC3000A5E689 /* Test.xcconfig */; };
		99FCCC4A2D27BC3B00A5E689 /* Prod.xcconfig in Resources */ = {isa = PBXBuildFile; fileRef = 99FCCC492D27BC3B00A5E689 /* Prod.xcconfig */; };
		99FCCC4C2D27BC7E00A5E689 /* Common.xcconfig in Resources */ = {isa = PBXBuildFile; fileRef = 99FCCC4B2D27BC7E00A5E689 /* Common.xcconfig */; };
		99FCCC722D27D16500A5E689 /* Environment.m in Sources */ = {isa = PBXBuildFile; fileRef = 99FCCC712D27D16500A5E689 /* Environment.m */; };
		99FCCC8C2D2BAE2100A5E689 /* Request.m in Sources */ = {isa = PBXBuildFile; fileRef = 99FCCC8B2D2BAE2100A5E689 /* Request.m */; };
		F18EA826A4A68B11E4E42FC5 /* Pods_SmartHome.framework in Frameworks */ = {isa = PBXBuildFile; fileRef = 68E1D3AC1003BE46CA936CD1 /* Pods_SmartHome.framework */; };
/* End PBXBuildFile section */

/* Begin PBXContainerItemProxy section */
		301BF534109A57CC0062928A /* PBXContainerItemProxy */ = {
			isa = PBXContainerItemProxy;
			containerPortal = 301BF52D109A57CC0062928A /* CordovaLib.xcodeproj */;
			proxyType = 2;
			remoteGlobalIDString = D2AAC07E0554694100DB518D;
			remoteInfo = CordovaLib;
		};
		301BF550109A68C00062928A /* PBXContainerItemProxy */ = {
			isa = PBXContainerItemProxy;
			containerPortal = 301BF52D109A57CC0062928A /* CordovaLib.xcodeproj */;
			proxyType = 1;
			remoteGlobalIDString = D2AAC07D0554694100DB518D;
			remoteInfo = CordovaLib;
		};
		907D8123214C687600058A10 /* PBXContainerItemProxy */ = {
			isa = PBXContainerItemProxy;
			containerPortal = 301BF52D109A57CC0062928A /* CordovaLib.xcodeproj */;
			proxyType = 2;
			remoteGlobalIDString = C0C01EB21E3911D50056E6CB;
			remoteInfo = Cordova;
		};
/* End PBXContainerItemProxy section */

/* Begin PBXCopyFilesBuildPhase section */
		857339E32710CC9700A1C74C /* Copy Staging Resources */ = {
			isa = PBXCopyFilesBuildPhase;
			buildActionMask = 2147483647;
			dstPath = "";
			dstSubfolderSpec = 7;
			files = (
				4E7CA2B6272ABB0D00177EF9 /* config.xml in Copy Staging Resources */,
				4E7CA2B7272ABB0D00177EF9 /* www in Copy Staging Resources */,
			);
			name = "Copy Staging Resources";
			runOnlyForDeploymentPostprocessing = 0;
		};
/* End PBXCopyFilesBuildPhase section */

/* Begin PBXFileReference section */
		0207DA571B56EA530066E2B4 /* Assets.xcassets */ = {isa = PBXFileReference; lastKnownFileType = folder.assetcatalog; path = Assets.xcassets; sourceTree = "<group>"; };
		0D4B02D145F3C11B5C303562 /* Pods-SmartHome.release(prod).xcconfig */ = {isa = PBXFileReference; includeInIndex = 1; lastKnownFileType = text.xcconfig; name = "Pods-SmartHome.release(prod).xcconfig"; path = "Target Support Files/Pods-SmartHome/Pods-SmartHome.release(prod).xcconfig"; sourceTree = "<group>"; };
		1013E1FC3A0739F5A44D8713 /* Pods-SmartHome.debug(test).xcconfig */ = {isa = PBXFileReference; includeInIndex = 1; lastKnownFileType = text.xcconfig; name = "Pods-SmartHome.debug(test).xcconfig"; path = "Target Support Files/Pods-SmartHome/Pods-SmartHome.debug(test).xcconfig"; sourceTree = "<group>"; };
		10284FBE6764AFB2C76B00F1 /* Pods-SmartHome.release.xcconfig */ = {isa = PBXFileReference; includeInIndex = 1; lastKnownFileType = text.xcconfig; name = "Pods-SmartHome.release.xcconfig"; path = "Target Support Files/Pods-SmartHome/Pods-SmartHome.release.xcconfig"; sourceTree = "<group>"; };
		1D3623240D0F684500981E51 /* AppDelegate.h */ = {isa = PBXFileReference; fileEncoding = 4; lastKnownFileType = sourcecode.c.h; path = AppDelegate.h; sourceTree = "<group>"; };
		1D3623250D0F684500981E51 /* AppDelegate.m */ = {isa = PBXFileReference; fileEncoding = 4; lastKnownFileType = sourcecode.c.objc; path = AppDelegate.m; sourceTree = "<group>"; };
		1D6058910D05DD3D006BFB54 /* SmartHome.app */ = {isa = PBXFileReference; explicitFileType = wrapper.application; includeInIndex = 0; path = SmartHome.app; sourceTree = BUILT_PRODUCTS_DIR; };
		29B97316FDCFA39411CA2CEA /* main.m */ = {isa = PBXFileReference; fileEncoding = 4; lastKnownFileType = sourcecode.c.objc; path = main.m; sourceTree = "<group>"; };
		301BF52D109A57CC0062928A /* CordovaLib.xcodeproj */ = {isa = PBXFileReference; lastKnownFileType = "wrapper.pb-project"; name = CordovaLib.xcodeproj; path = CordovaLib/CordovaLib.xcodeproj; sourceTree = "<group>"; };
		301BF56E109A69640062928A /* www */ = {isa = PBXFileReference; lastKnownFileType = folder; path = www; sourceTree = SOURCE_ROOT; };
		302D95EE14D2391D003F00A1 /* MainViewController.h */ = {isa = PBXFileReference; fileEncoding = 4; lastKnownFileType = sourcecode.c.h; path = MainViewController.h; sourceTree = "<group>"; };
		302D95EF14D2391D003F00A1 /* MainViewController.m */ = {isa = PBXFileReference; fileEncoding = 4; lastKnownFileType = sourcecode.c.objc; path = MainViewController.m; sourceTree = "<group>"; };
		302D95F014D2391D003F00A1 /* MainViewController.xib */ = {isa = PBXFileReference; fileEncoding = 4; lastKnownFileType = file.xib; path = MainViewController.xib; sourceTree = "<group>"; };
		3047A50F1AB8059700498E2A /* build-debug.xcconfig */ = {isa = PBXFileReference; fileEncoding = 4; lastKnownFileType = text.xcconfig; name = "build-debug.xcconfig"; path = "cordova/build-debug.xcconfig"; sourceTree = SOURCE_ROOT; };
		3047A5101AB8059700498E2A /* build-release.xcconfig */ = {isa = PBXFileReference; fileEncoding = 4; lastKnownFileType = text.xcconfig; name = "build-release.xcconfig"; path = "cordova/build-release.xcconfig"; sourceTree = SOURCE_ROOT; };
		3047A5111AB8059700498E2A /* build.xcconfig */ = {isa = PBXFileReference; fileEncoding = 4; lastKnownFileType = text.xcconfig; name = build.xcconfig; path = cordova/build.xcconfig; sourceTree = SOURCE_ROOT; };
		32CA4F630368D1EE00C91783 /* SmartHome-Prefix.pch */ = {isa = PBXFileReference; fileEncoding = 4; lastKnownFileType = sourcecode.c.h; path = "SmartHome-Prefix.pch"; sourceTree = "<group>"; };
		40AE47245267B4EDD342958E /* Pods-SmartHome.debug.xcconfig */ = {isa = PBXFileReference; includeInIndex = 1; lastKnownFileType = text.xcconfig; name = "Pods-SmartHome.debug.xcconfig"; path = "Target Support Files/Pods-SmartHome/Pods-SmartHome.debug.xcconfig"; sourceTree = "<group>"; };
		501BFA062D253EDB006D1AE3 /* H5InvokeCommand.h */ = {isa = PBXFileReference; lastKnownFileType = sourcecode.c.h; path = H5InvokeCommand.h; sourceTree = "<group>"; };
		501BFA072D253EDB006D1AE3 /* H5InvokeCommand.m */ = {isa = PBXFileReference; lastKnownFileType = sourcecode.c.objc; path = H5InvokeCommand.m; sourceTree = "<group>"; };
		501BFA0E2D254B50006D1AE3 /* H5CommandProtocol.h */ = {isa = PBXFileReference; lastKnownFileType = sourcecode.c.h; path = H5CommandProtocol.h; sourceTree = "<group>"; };
		501BFA102D2572EF006D1AE3 /* H5CommandProxy.h */ = {isa = PBXFileReference; lastKnownFileType = sourcecode.c.h; path = H5CommandProxy.h; sourceTree = "<group>"; };
		501BFA112D2572EF006D1AE3 /* H5CommandProxy.m */ = {isa = PBXFileReference; lastKnownFileType = sourcecode.c.objc; path = H5CommandProxy.m; sourceTree = "<group>"; };
		5039CAB82D2C14510069D971 /* CmdCommon.h */ = {isa = PBXFileReference; fileEncoding = 4; lastKnownFileType = sourcecode.c.h; path = CmdCommon.h; sourceTree = "<group>"; };
		5039CAB92D2C14510069D971 /* uECC.h */ = {isa = PBXFileReference; fileEncoding = 4; lastKnownFileType = sourcecode.c.h; path = uECC.h; sourceTree = "<group>"; };
		5039CABA2D2C14510069D971 /* ch_home_transplant.h */ = {isa = PBXFileReference; fileEncoding = 4; lastKnownFileType = sourcecode.c.h; path = ch_home_transplant.h; sourceTree = "<group>"; };
		5039CABB2D2C14510069D971 /* IppSmokeDelegate.h */ = {isa = PBXFileReference; fileEncoding = 4; lastKnownFileType = sourcecode.c.h; path = IppSmokeDelegate.h; sourceTree = "<group>"; };
		5039CABC2D2C14510069D971 /* ipp_crypt.h */ = {isa = PBXFileReference; fileEncoding = 4; lastKnownFileType = sourcecode.c.h; path = ipp_crypt.h; sourceTree = "<group>"; };
		5039CABD2D2C14510069D971 /* IppACDelegate.h */ = {isa = PBXFileReference; fileEncoding = 4; lastKnownFileType = sourcecode.c.h; path = IppACDelegate.h; sourceTree = "<group>"; };
		5039CABE2D2C14510069D971 /* ippstruct.h */ = {isa = PBXFileReference; fileEncoding = 4; lastKnownFileType = sourcecode.c.h; path = ippstruct.h; sourceTree = "<group>"; };
		5039CABF2D2C14510069D971 /* ipphocofun.h */ = {isa = PBXFileReference; fileEncoding = 4; lastKnownFileType = sourcecode.c.h; path = ipphocofun.h; sourceTree = "<group>"; };
		5039CAC02D2C14510069D971 /* ippacfun.h */ = {isa = PBXFileReference; fileEncoding = 4; lastKnownFileType = sourcecode.c.h; path = ippacfun.h; sourceTree = "<group>"; };
		5039CAC12D2C14510069D971 /* ippfunction.h */ = {isa = PBXFileReference; fileEncoding = 4; lastKnownFileType = sourcecode.c.h; path = ippfunction.h; sourceTree = "<group>"; };
		5039CAC22D2C14510069D971 /* tools_link.h */ = {isa = PBXFileReference; fileEncoding = 4; lastKnownFileType = sourcecode.c.h; path = tools_link.h; sourceTree = "<group>"; };
		5039CAC32D2C14510069D971 /* IppDelegate.h */ = {isa = PBXFileReference; fileEncoding = 4; lastKnownFileType = sourcecode.c.h; path = IppDelegate.h; sourceTree = "<group>"; };
		5039CAC42D2C14510069D971 /* ippibfun.h */ = {isa = PBXFileReference; fileEncoding = 4; lastKnownFileType = sourcecode.c.h; path = ippibfun.h; sourceTree = "<group>"; };
		5039CAC52D2C14510069D971 /* ipp.h */ = {isa = PBXFileReference; fileEncoding = 4; lastKnownFileType = sourcecode.c.h; path = ipp.h; sourceTree = "<group>"; };
		5039CAC62D2C14510069D971 /* TEA.h */ = {isa = PBXFileReference; fileEncoding = 4; lastKnownFileType = sourcecode.c.h; path = TEA.h; sourceTree = "<group>"; };
		5039CAC82D2C14690069D971 /* libipp.a */ = {isa = PBXFileReference; lastKnownFileType = archive.ar; path = libipp.a; sourceTree = "<group>"; };
		5039CACA2D2C14B60069D971 /* DeviceWifiConfigureSoftAP.h */ = {isa = PBXFileReference; lastKnownFileType = sourcecode.c.h; path = DeviceWifiConfigureSoftAP.h; sourceTree = "<group>"; };
		5053F5572D23FC1600A3F23A /* ToNativeBridge.h */ = {isa = PBXFileReference; lastKnownFileType = sourcecode.c.h; path = ToNativeBridge.h; sourceTree = "<group>"; };
		5053F5582D23FC1600A3F23A /* ToNativeBridge.m */ = {isa = PBXFileReference; lastKnownFileType = sourcecode.c.objc; path = ToNativeBridge.m; sourceTree = "<group>"; };
		50766F062D2982A800B4DBDB /* DeviceInfoApi.h */ = {isa = PBXFileReference; lastKnownFileType = sourcecode.c.h; path = DeviceInfoApi.h; sourceTree = "<group>"; };
		50766F072D2982A800B4DBDB /* DeviceInfoApi.m */ = {isa = PBXFileReference; lastKnownFileType = sourcecode.c.objc; path = DeviceInfoApi.m; sourceTree = "<group>"; };
		68E1D3AC1003BE46CA936CD1 /* Pods_SmartHome.framework */ = {isa = PBXFileReference; explicitFileType = wrapper.framework; includeInIndex = 0; path = Pods_SmartHome.framework; sourceTree = BUILT_PRODUCTS_DIR; };
		6AFF5BF81D6E424B00AB3073 /* CDVLaunchScreen.storyboard */ = {isa = PBXFileReference; fileEncoding = 4; lastKnownFileType = file.storyboard; path = CDVLaunchScreen.storyboard; sourceTree = "<group>"; };
		82718B4EC76D3AE8DB81C8A9 /* Pods-SmartHome.release(test).xcconfig */ = {isa = PBXFileReference; includeInIndex = 1; lastKnownFileType = text.xcconfig; name = "Pods-SmartHome.release(test).xcconfig"; path = "Target Support Files/Pods-SmartHome/Pods-SmartHome.release(test).xcconfig"; sourceTree = "<group>"; };
		8D1107310486CEB800E47090 /* SmartHome-Info.plist */ = {isa = PBXFileReference; fileEncoding = 4; lastKnownFileType = text.plist.xml; path = "SmartHome-Info.plist"; plistStructureDefinitionIdentifier = "com.apple.xcode.plist.structure-definition.iphone.info-plist"; sourceTree = "<group>"; };
		90B630EE2AECBBD0009EF368 /* PrivacyInfo.xcprivacy */ = {isa = PBXFileReference; fileEncoding = 4; lastKnownFileType = text.xml; path = PrivacyInfo.xcprivacy; sourceTree = "<group>"; };
		99127B302D2634D100CBB870 /* CDVViewController+MVVM.h */ = {isa = PBXFileReference; lastKnownFileType = sourcecode.c.h; path = "CDVViewController+MVVM.h"; sourceTree = "<group>"; };
		99127B312D2634D100CBB870 /* CDVViewController+MVVM.m */ = {isa = PBXFileReference; lastKnownFileType = sourcecode.c.objc; path = "CDVViewController+MVVM.m"; sourceTree = "<group>"; };
		996BF66E2D2BDB2F002D8950 /* DeviceWifiConfigure.h */ = {isa = PBXFileReference; lastKnownFileType = sourcecode.c.h; path = DeviceWifiConfigure.h; sourceTree = "<group>"; };
		996BF66F2D2BDB2F002D8950 /* DeviceWifiConfigure.m */ = {isa = PBXFileReference; lastKnownFileType = sourcecode.c.objc; path = DeviceWifiConfigure.m; sourceTree = "<group>"; };
		996BF69F2D2CFA09002D8950 /* DeviceOnlineApi.h */ = {isa = PBXFileReference; lastKnownFileType = sourcecode.c.h; path = DeviceOnlineApi.h; sourceTree = "<group>"; };
		996BF6A02D2CFA09002D8950 /* DeviceOnlineApi.m */ = {isa = PBXFileReference; lastKnownFileType = sourcecode.c.objc; path = DeviceOnlineApi.m; sourceTree = "<group>"; };
		996BF6BC2D2D01AC002D8950 /* DeviceWifiConfigureSoftAP.m */ = {isa = PBXFileReference; lastKnownFileType = sourcecode.c.objc; path = DeviceWifiConfigureSoftAP.m; sourceTree = "<group>"; };
		996BF6BF2D2D0D8D002D8950 /* DirectData.h */ = {isa = PBXFileReference; lastKnownFileType = sourcecode.c.h; path = DirectData.h; sourceTree = "<group>"; };
		996BF6C02D2D0D8D002D8950 /* DirectData.m */ = {isa = PBXFileReference; lastKnownFileType = sourcecode.c.objc; path = DirectData.m; sourceTree = "<group>"; };
		996BF6C12D2D0D8D002D8950 /* DirectLink.h */ = {isa = PBXFileReference; lastKnownFileType = sourcecode.c.h; path = DirectLink.h; sourceTree = "<group>"; };
		996BF6C22D2D0D8D002D8950 /* DirectLink.m */ = {isa = PBXFileReference; lastKnownFileType = sourcecode.c.objc; path = DirectLink.m; sourceTree = "<group>"; };
		996BF6C72D2D0F8B002D8950 /* DeviceWifiConfigureKL.h */ = {isa = PBXFileReference; lastKnownFileType = sourcecode.c.h; path = DeviceWifiConfigureKL.h; sourceTree = "<group>"; };
		996BF6C82D2D0F8B002D8950 /* DeviceWifiConfigureKL.m */ = {isa = PBXFileReference; lastKnownFileType = sourcecode.c.objc; path = DeviceWifiConfigureKL.m; sourceTree = "<group>"; };
		998DDCA42D2632B300E5FA1C /* H5ViewModelProtocol.h */ = {isa = PBXFileReference; lastKnownFileType = sourcecode.c.h; path = H5ViewModelProtocol.h; sourceTree = "<group>"; };
		99FCCC452D27BC2200A5E689 /* Dev.xcconfig */ = {isa = PBXFileReference; lastKnownFileType = text.xcconfig; path = Dev.xcconfig; sourceTree = "<group>"; };
		99FCCC472D27BC3000A5E689 /* Test.xcconfig */ = {isa = PBXFileReference; lastKnownFileType = text.xcconfig; path = Test.xcconfig; sourceTree = "<group>"; };
		99FCCC492D27BC3B00A5E689 /* Prod.xcconfig */ = {isa = PBXFileReference; lastKnownFileType = text.xcconfig; path = Prod.xcconfig; sourceTree = "<group>"; };
		99FCCC4B2D27BC7E00A5E689 /* Common.xcconfig */ = {isa = PBXFileReference; lastKnownFileType = text.xcconfig; path = Common.xcconfig; sourceTree = "<group>"; };
		99FCCC702D27D16500A5E689 /* Environment.h */ = {isa = PBXFileReference; lastKnownFileType = sourcecode.c.h; path = Environment.h; sourceTree = "<group>"; };
		99FCCC712D27D16500A5E689 /* Environment.m */ = {isa = PBXFileReference; lastKnownFileType = sourcecode.c.objc; path = Environment.m; sourceTree = "<group>"; };
		99FCCC8A2D2BAE2100A5E689 /* Request.h */ = {isa = PBXFileReference; lastKnownFileType = sourcecode.c.h; path = Request.h; sourceTree = "<group>"; };
		99FCCC8B2D2BAE2100A5E689 /* Request.m */ = {isa = PBXFileReference; lastKnownFileType = sourcecode.c.objc; path = Request.m; sourceTree = "<group>"; };
		B04E78B328223153C4D34916 /* Pods-SmartHome.debug(dev).xcconfig */ = {isa = PBXFileReference; includeInIndex = 1; lastKnownFileType = text.xcconfig; name = "Pods-SmartHome.debug(dev).xcconfig"; path = "Target Support Files/Pods-SmartHome/Pods-SmartHome.debug(dev).xcconfig"; sourceTree = "<group>"; };
		B922945F13C22BBCD03E931E /* Pods-SmartHome.release(dev).xcconfig */ = {isa = PBXFileReference; includeInIndex = 1; lastKnownFileType = text.xcconfig; name = "Pods-SmartHome.release(dev).xcconfig"; path = "Target Support Files/Pods-SmartHome/Pods-SmartHome.release(dev).xcconfig"; sourceTree = "<group>"; };
		C0A032B391792E88688D9D3B /* Pods-SmartHome.debug(prod).xcconfig */ = {isa = PBXFileReference; includeInIndex = 1; lastKnownFileType = text.xcconfig; name = "Pods-SmartHome.debug(prod).xcconfig"; path = "Target Support Files/Pods-SmartHome/Pods-SmartHome.debug(prod).xcconfig"; sourceTree = "<group>"; };
		EB87FDF31871DA8E0020F90C /* www */ = {isa = PBXFileReference; lastKnownFileType = folder; name = www; path = ../../www; sourceTree = "<group>"; };
		EB87FDF41871DAF40020F90C /* config.xml */ = {isa = PBXFileReference; lastKnownFileType = text.xml; name = config.xml; path = ../../config.xml; sourceTree = "<group>"; };
		ED33DF2A687741AEAF9F8254 /* Bridging-Header.h */ = {isa = PBXFileReference; fileEncoding = 4; lastKnownFileType = sourcecode.c.h; path = "Bridging-Header.h"; sourceTree = "<group>"; };
		F840E1F0165FE0F500CFE078 /* config.xml */ = {isa = PBXFileReference; lastKnownFileType = text.xml; name = config.xml; path = SmartHome/config.xml; sourceTree = "<group>"; };
/* End PBXFileReference section */

/* Begin PBXFrameworksBuildPhase section */
		1D60588F0D05DD3D006BFB54 /* Frameworks */ = {
			isa = PBXFrameworksBuildPhase;
			buildActionMask = 2147483647;
			files = (
				301BF552109A68D80062928A /* libCordova.a in Frameworks */,
				5039CAC92D2C14690069D971 /* libipp.a in Frameworks */,
				F18EA826A4A68B11E4E42FC5 /* Pods_SmartHome.framework in Frameworks */,
			);
			runOnlyForDeploymentPostprocessing = 0;
		};
/* End PBXFrameworksBuildPhase section */

/* Begin PBXGroup section */
		19C28FACFE9D520D11CA2CBB /* Products */ = {
			isa = PBXGroup;
			children = (
				1D6058910D05DD3D006BFB54 /* SmartHome.app */,
			);
			name = Products;
			sourceTree = "<group>";
		};
		29B97314FDCFA39411CA2CEA /* CustomTemplate */ = {
			isa = PBXGroup;
			children = (
				EB87FDF41871DAF40020F90C /* config.xml */,
				3047A50E1AB8057F00498E2A /* config */,
				EB87FDF31871DA8E0020F90C /* www */,
				EB87FDF11871DA420020F90C /* Staging */,
				301BF52D109A57CC0062928A /* CordovaLib.xcodeproj */,
				29B97315FDCFA39411CA2CEA /* SmartHome */,
				501BFA032D253E83006D1AE3 /* SmartHome_Common */,
				307C750510C5A3420062BCA9 /* Plugins */,
				29B97317FDCFA39411CA2CEA /* Resources */,
				29B97323FDCFA39411CA2CEA /* Frameworks */,
				19C28FACFE9D520D11CA2CBB /* Products */,
				6229B346C822BF7AD14A8735 /* Pods */,
			);
			name = CustomTemplate;
			sourceTree = "<group>";
		};
		29B97315FDCFA39411CA2CEA /* SmartHome */ = {
			isa = PBXGroup;
			children = (
				90B630EE2AECBBD0009EF368 /* PrivacyInfo.xcprivacy */,
				8D1107310486CEB800E47090 /* SmartHome-Info.plist */,
				32CA4F630368D1EE00C91783 /* SmartHome-Prefix.pch */,
				6AFF5BF81D6E424B00AB3073 /* CDVLaunchScreen.storyboard */,
				0207DA571B56EA530066E2B4 /* Assets.xcassets */,
				ED33DF2A687741AEAF9F8254 /* Bridging-Header.h */,
				302D95EE14D2391D003F00A1 /* MainViewController.h */,
				302D95EF14D2391D003F00A1 /* MainViewController.m */,
				302D95F014D2391D003F00A1 /* MainViewController.xib */,
				1D3623240D0F684500981E51 /* AppDelegate.h */,
				1D3623250D0F684500981E51 /* AppDelegate.m */,
				29B97316FDCFA39411CA2CEA /* main.m */,
			);
			path = SmartHome;
			sourceTree = "<group>";
		};
		29B97317FDCFA39411CA2CEA /* Resources */ = {
			isa = PBXGroup;
			children = (
			);
			name = Resources;
			path = SmartHome/Resources;
			sourceTree = "<group>";
		};
		29B97323FDCFA39411CA2CEA /* Frameworks */ = {
			isa = PBXGroup;
			children = (
				5039CAC82D2C14690069D971 /* libipp.a */,
				5039CAB72D2C14510069D971 /* include */,
				68E1D3AC1003BE46CA936CD1 /* Pods_SmartHome.framework */,
			);
			name = Frameworks;
			sourceTree = "<group>";
		};
		301BF52E109A57CC0062928A /* Products */ = {
			isa = PBXGroup;
			children = (
				301BF535109A57CC0062928A /* libCordova.a */,
				907D8124214C687600058A10 /* Cordova.framework */,
			);
			name = Products;
			sourceTree = "<group>";
		};
		3047A50E1AB8057F00498E2A /* config */ = {
			isa = PBXGroup;
			children = (
				3047A50F1AB8059700498E2A /* build-debug.xcconfig */,
				3047A5101AB8059700498E2A /* build-release.xcconfig */,
				3047A5111AB8059700498E2A /* build.xcconfig */,
			);
			name = config;
			sourceTree = "<group>";
		};
		307C750510C5A3420062BCA9 /* Plugins */ = {
			isa = PBXGroup;
			children = (
				5053F5572D23FC1600A3F23A /* ToNativeBridge.h */,
				5053F5582D23FC1600A3F23A /* ToNativeBridge.m */,
			);
			name = Plugins;
			path = SmartHome/Plugins;
			sourceTree = SOURCE_ROOT;
		};
		501BFA032D253E83006D1AE3 /* SmartHome_Common */ = {
			isa = PBXGroup;
			children = (
				996BF66D2D2BDAD9002D8950 /* WifiConfigure */,
				50766F052D29820800B4DBDB /* Request */,
				99FCCC442D27BBDE00A5E689 /* Environment */,
				99127B2F2D26349D00CBB870 /* Categories */,
				501BFA092D25429C006D1AE3 /* Protocols */,
				501BFA052D253EA7006D1AE3 /* Models */,
			);
			path = SmartHome_Common;
			sourceTree = "<group>";
		};
		501BFA052D253EA7006D1AE3 /* Models */ = {
			isa = PBXGroup;
			children = (
				501BFA062D253EDB006D1AE3 /* H5InvokeCommand.h */,
				501BFA072D253EDB006D1AE3 /* H5InvokeCommand.m */,
				501BFA102D2572EF006D1AE3 /* H5CommandProxy.h */,
				501BFA112D2572EF006D1AE3 /* H5CommandProxy.m */,
			);
			path = Models;
			sourceTree = "<group>";
		};
		501BFA092D25429C006D1AE3 /* Protocols */ = {
			isa = PBXGroup;
			children = (
				501BFA0E2D254B50006D1AE3 /* H5CommandProtocol.h */,
				998DDCA42D2632B300E5FA1C /* H5ViewModelProtocol.h */,
			);
			path = Protocols;
			sourceTree = "<group>";
		};
		5039CAB72D2C14510069D971 /* include */ = {
			isa = PBXGroup;
			children = (
				5039CAB82D2C14510069D971 /* CmdCommon.h */,
				5039CAB92D2C14510069D971 /* uECC.h */,
				5039CABA2D2C14510069D971 /* ch_home_transplant.h */,
				5039CABB2D2C14510069D971 /* IppSmokeDelegate.h */,
				5039CABC2D2C14510069D971 /* ipp_crypt.h */,
				5039CABD2D2C14510069D971 /* IppACDelegate.h */,
				5039CABE2D2C14510069D971 /* ippstruct.h */,
				5039CABF2D2C14510069D971 /* ipphocofun.h */,
				5039CAC02D2C14510069D971 /* ippacfun.h */,
				5039CAC12D2C14510069D971 /* ippfunction.h */,
				5039CAC22D2C14510069D971 /* tools_link.h */,
				5039CAC32D2C14510069D971 /* IppDelegate.h */,
				5039CAC42D2C14510069D971 /* ippibfun.h */,
				5039CAC52D2C14510069D971 /* ipp.h */,
				5039CAC62D2C14510069D971 /* TEA.h */,
			);
			path = include;
			sourceTree = "<group>";
		};
		50766F052D29820800B4DBDB /* Request */ = {
			isa = PBXGroup;
			children = (
				50766F062D2982A800B4DBDB /* DeviceInfoApi.h */,
				50766F072D2982A800B4DBDB /* DeviceInfoApi.m */,
				99FCCC8A2D2BAE2100A5E689 /* Request.h */,
				99FCCC8B2D2BAE2100A5E689 /* Request.m */,
				996BF69F2D2CFA09002D8950 /* DeviceOnlineApi.h */,
				996BF6A02D2CFA09002D8950 /* DeviceOnlineApi.m */,
			);
			path = Request;
			sourceTree = "<group>";
		};
		6229B346C822BF7AD14A8735 /* Pods */ = {
			isa = PBXGroup;
			children = (
				40AE47245267B4EDD342958E /* Pods-SmartHome.debug.xcconfig */,
				10284FBE6764AFB2C76B00F1 /* Pods-SmartHome.release.xcconfig */,
				B04E78B328223153C4D34916 /* Pods-SmartHome.debug(dev).xcconfig */,
				1013E1FC3A0739F5A44D8713 /* Pods-SmartHome.debug(test).xcconfig */,
				C0A032B391792E88688D9D3B /* Pods-SmartHome.debug(prod).xcconfig */,
				B922945F13C22BBCD03E931E /* Pods-SmartHome.release(dev).xcconfig */,
				82718B4EC76D3AE8DB81C8A9 /* Pods-SmartHome.release(test).xcconfig */,
				0D4B02D145F3C11B5C303562 /* Pods-SmartHome.release(prod).xcconfig */,
			);
			path = Pods;
			sourceTree = "<group>";
		};
		99127B2F2D26349D00CBB870 /* Categories */ = {
			isa = PBXGroup;
			children = (
				99127B302D2634D100CBB870 /* CDVViewController+MVVM.h */,
				99127B312D2634D100CBB870 /* CDVViewController+MVVM.m */,
			);
			path = Categories;
			sourceTree = "<group>";
		};
		996BF66D2D2BDAD9002D8950 /* WifiConfigure */ = {
			isa = PBXGroup;
			children = (
				996BF6BE2D2D0CEB002D8950 /* KL */,
				996BF69E2D2CF1E7002D8950 /* SoftAP */,
				996BF66E2D2BDB2F002D8950 /* DeviceWifiConfigure.h */,
				996BF66F2D2BDB2F002D8950 /* DeviceWifiConfigure.m */,
			);
			path = WifiConfigure;
			sourceTree = "<group>";
		};
		996BF69E2D2CF1E7002D8950 /* SoftAP */ = {
			isa = PBXGroup;
			children = (
				5039CACA2D2C14B60069D971 /* DeviceWifiConfigureSoftAP.h */,
				996BF6BC2D2D01AC002D8950 /* DeviceWifiConfigureSoftAP.m */,
			);
			path = SoftAP;
			sourceTree = "<group>";
		};
		996BF6BE2D2D0CEB002D8950 /* KL */ = {
			isa = PBXGroup;
			children = (
				996BF6BF2D2D0D8D002D8950 /* DirectData.h */,
				996BF6C02D2D0D8D002D8950 /* DirectData.m */,
				996BF6C12D2D0D8D002D8950 /* DirectLink.h */,
				996BF6C22D2D0D8D002D8950 /* DirectLink.m */,
				996BF6C72D2D0F8B002D8950 /* DeviceWifiConfigureKL.h */,
				996BF6C82D2D0F8B002D8950 /* DeviceWifiConfigureKL.m */,
			);
			path = KL;
			sourceTree = "<group>";
		};
		99FCCC442D27BBDE00A5E689 /* Environment */ = {
			isa = PBXGroup;
			children = (
				99FCCC452D27BC2200A5E689 /* Dev.xcconfig */,
				99FCCC472D27BC3000A5E689 /* Test.xcconfig */,
				99FCCC492D27BC3B00A5E689 /* Prod.xcconfig */,
				99FCCC4B2D27BC7E00A5E689 /* Common.xcconfig */,
				99FCCC702D27D16500A5E689 /* Environment.h */,
				99FCCC712D27D16500A5E689 /* Environment.m */,
			);
			path = Environment;
			sourceTree = "<group>";
		};
		EB87FDF11871DA420020F90C /* Staging */ = {
			isa = PBXGroup;
			children = (
				F840E1F0165FE0F500CFE078 /* config.xml */,
				301BF56E109A69640062928A /* www */,
			);
			name = Staging;
			sourceTree = "<group>";
		};
/* End PBXGroup section */

/* Begin PBXNativeTarget section */
		1D6058900D05DD3D006BFB54 /* SmartHome */ = {
			isa = PBXNativeTarget;
			buildConfigurationList = 1D6058960D05DD3E006BFB54 /* Build configuration list for PBXNativeTarget "SmartHome" */;
			buildPhases = (
				7B80A3875F1B70D252563ECD /* [CP] Check Pods Manifest.lock */,
				857339E32710CC9700A1C74C /* Copy Staging Resources */,
				1D60588D0D05DD3D006BFB54 /* Resources */,
				1D60588E0D05DD3D006BFB54 /* Sources */,
				1D60588F0D05DD3D006BFB54 /* Frameworks */,
				DE1FEA0446F72B8B9382BD87 /* [CP] Embed Pods Frameworks */,
			);
			buildRules = (
			);
			dependencies = (
				301BF551109A68C00062928A /* PBXTargetDependency */,
			);
			name = SmartHome;
			productName = SmartHome;
			productReference = 1D6058910D05DD3D006BFB54 /* SmartHome.app */;
			productType = "com.apple.product-type.application";
		};
/* End PBXNativeTarget section */

/* Begin PBXProject section */
		29B97313FDCFA39411CA2CEA /* Project object */ = {
			isa = PBXProject;
			attributes = {
				BuildIndependentTargetsInParallel = YES;
				LastUpgradeCheck = 1620;
				TargetAttributes = {
					1D6058900D05DD3D006BFB54 = {
						ProvisioningStyle = Automatic;
					};
				};
			};
			buildConfigurationList = C01FCF4E08A954540054247B /* Build configuration list for PBXProject "SmartHome" */;
			compatibilityVersion = "Xcode 11.0";
			developmentRegion = en;
			hasScannedForEncodings = 1;
			knownRegions = (
				en,
				Base,
			);
			mainGroup = 29B97314FDCFA39411CA2CEA /* CustomTemplate */;
			productRefGroup = 19C28FACFE9D520D11CA2CBB /* Products */;
			projectDirPath = "";
			projectReferences = (
				{
					ProductGroup = 301BF52E109A57CC0062928A /* Products */;
					ProjectRef = 301BF52D109A57CC0062928A /* CordovaLib.xcodeproj */;
				},
			);
			projectRoot = "";
			targets = (
				1D6058900D05DD3D006BFB54 /* SmartHome */,
			);
		};
/* End PBXProject section */

/* Begin PBXReferenceProxy section */
		301BF535109A57CC0062928A /* libCordova.a */ = {
			isa = PBXReferenceProxy;
			fileType = archive.ar;
			path = libCordova.a;
			remoteRef = 301BF534109A57CC0062928A /* PBXContainerItemProxy */;
			sourceTree = BUILT_PRODUCTS_DIR;
		};
		907D8124214C687600058A10 /* Cordova.framework */ = {
			isa = PBXReferenceProxy;
			fileType = wrapper.framework;
			path = Cordova.framework;
			remoteRef = 907D8123214C687600058A10 /* PBXContainerItemProxy */;
			sourceTree = BUILT_PRODUCTS_DIR;
		};
/* End PBXReferenceProxy section */

/* Begin PBXResourcesBuildPhase section */
		1D60588D0D05DD3D006BFB54 /* Resources */ = {
			isa = PBXResourcesBuildPhase;
			buildActionMask = 2147483647;
			files = (
				302D95F214D2391D003F00A1 /* MainViewController.xib in Resources */,
				0207DA581B56EA530066E2B4 /* Assets.xcassets in Resources */,
				99FCCC482D27BC3000A5E689 /* Test.xcconfig in Resources */,
				99FCCC462D27BC2200A5E689 /* Dev.xcconfig in Resources */,
				90B630EF2AECBBD0009EF368 /* PrivacyInfo.xcprivacy in Resources */,
				6AFF5BF91D6E424B00AB3073 /* CDVLaunchScreen.storyboard in Resources */,
				99FCCC4A2D27BC3B00A5E689 /* Prod.xcconfig in Resources */,
				99FCCC4C2D27BC7E00A5E689 /* Common.xcconfig in Resources */,
			);
			runOnlyForDeploymentPostprocessing = 0;
		};
/* End PBXResourcesBuildPhase section */

/* Begin PBXShellScriptBuildPhase section */
		7B80A3875F1B70D252563ECD /* [CP] Check Pods Manifest.lock */ = {
			isa = PBXShellScriptBuildPhase;
			buildActionMask = 2147483647;
			files = (
			);
			inputFileListPaths = (
			);
			inputPaths = (
				"${PODS_PODFILE_DIR_PATH}/Podfile.lock",
				"${PODS_ROOT}/Manifest.lock",
			);
			name = "[CP] Check Pods Manifest.lock";
			outputFileListPaths = (
			);
			outputPaths = (
				"$(DERIVED_FILE_DIR)/Pods-SmartHome-checkManifestLockResult.txt",
			);
			runOnlyForDeploymentPostprocessing = 0;
			shellPath = /bin/sh;
			shellScript = "diff \"${PODS_PODFILE_DIR_PATH}/Podfile.lock\" \"${PODS_ROOT}/Manifest.lock\" > /dev/null\nif [ $? != 0 ] ; then\n    # print error to STDERR\n    echo \"error: The sandbox is not in sync with the Podfile.lock. Run 'pod install' or update your CocoaPods installation.\" >&2\n    exit 1\nfi\n# This output is used by Xcode 'outputs' to avoid re-running this script phase.\necho \"SUCCESS\" > \"${SCRIPT_OUTPUT_FILE_0}\"\n";
			showEnvVarsInLog = 0;
		};
		DE1FEA0446F72B8B9382BD87 /* [CP] Embed Pods Frameworks */ = {
			isa = PBXShellScriptBuildPhase;
			buildActionMask = 2147483647;
			files = (
			);
			inputFileListPaths = (
				"${PODS_ROOT}/Target Support Files/Pods-SmartHome/Pods-SmartHome-frameworks-${CONFIGURATION}-input-files.xcfilelist",
			);
			name = "[CP] Embed Pods Frameworks";
			outputFileListPaths = (
				"${PODS_ROOT}/Target Support Files/Pods-SmartHome/Pods-SmartHome-frameworks-${CONFIGURATION}-output-files.xcfilelist",
			);
			runOnlyForDeploymentPostprocessing = 0;
			shellPath = /bin/sh;
			shellScript = "\"${PODS_ROOT}/Target Support Files/Pods-SmartHome/Pods-SmartHome-frameworks.sh\"\n";
			showEnvVarsInLog = 0;
		};
/* End PBXShellScriptBuildPhase section */

/* Begin PBXSourcesBuildPhase section */
		1D60588E0D05DD3D006BFB54 /* Sources */ = {
			isa = PBXSourcesBuildPhase;
			buildActionMask = 2147483647;
			files = (
				996BF6C32D2D0D8D002D8950 /* DirectLink.m in Sources */,
				996BF6C42D2D0D8D002D8950 /* DirectData.m in Sources */,
				99FCCC722D27D16500A5E689 /* Environment.m in Sources */,
				1D60589B0D05DD56006BFB54 /* main.m in Sources */,
				501BFA082D253EDB006D1AE3 /* H5InvokeCommand.m in Sources */,
				996BF6A12D2CFA09002D8950 /* DeviceOnlineApi.m in Sources */,
				996BF6702D2BDB2F002D8950 /* DeviceWifiConfigure.m in Sources */,
				99127B322D2634D100CBB870 /* CDVViewController+MVVM.m in Sources */,
				99FCCC8C2D2BAE2100A5E689 /* Request.m in Sources */,
				50766F082D2982A800B4DBDB /* DeviceInfoApi.m in Sources */,
				996BF6C92D2D0F8B002D8950 /* DeviceWifiConfigureKL.m in Sources */,
				1D3623260D0F684500981E51 /* AppDelegate.m in Sources */,
				5053F5592D23FC1600A3F23A /* ToNativeBridge.m in Sources */,
				302D95F114D2391D003F00A1 /* MainViewController.m in Sources */,
				996BF6BD2D2D01AC002D8950 /* DeviceWifiConfigureSoftAP.m in Sources */,
				501BFA122D2572EF006D1AE3 /* H5CommandProxy.m in Sources */,
			);
			runOnlyForDeploymentPostprocessing = 0;
		};
/* End PBXSourcesBuildPhase section */

/* Begin PBXTargetDependency section */
		301BF551109A68C00062928A /* PBXTargetDependency */ = {
			isa = PBXTargetDependency;
			name = CordovaLib;
			targetProxy = 301BF550109A68C00062928A /* PBXContainerItemProxy */;
		};
/* End PBXTargetDependency section */

/* Begin XCBuildConfiguration section */
		1D6058940D05DD3E006BFB54 /* Debug */ = {
			isa = XCBuildConfiguration;
			baseConfigurationReference = 40AE47245267B4EDD342958E /* Pods-SmartHome.debug.xcconfig */;
			buildSettings = {
				ALWAYS_SEARCH_USER_PATHS = NO;
				ASSETCATALOG_COMPILER_APPICON_NAME = AppIcon;
				CLANG_ENABLE_MODULES = YES;
				CLANG_ENABLE_OBJC_ARC = YES;
				CODE_SIGN_ENTITLEMENTS = "$(PROJECT_DIR)/$(PROJECT_NAME)/Entitlements-$(CONFIGURATION).plist";
				CODE_SIGN_IDENTITY = "Apple Development";
				COPY_PHASE_STRIP = NO;
				DEVELOPMENT_TEAM = SNTPLPT9BQ;
				GCC_DYNAMIC_NO_PIC = NO;
				GCC_OPTIMIZATION_LEVEL = 0;
				GCC_PRECOMPILE_PREFIX_HEADER = YES;
				GCC_PREFIX_HEADER = "SmartHome/SmartHome-Prefix.pch";
				GCC_THUMB_SUPPORT = NO;
				GCC_VERSION = "";
				INFOPLIST_FILE = "SmartHome/SmartHome-Info.plist";
				IPHONEOS_DEPLOYMENT_TARGET = 12.0;
				LD_RUNPATH_SEARCH_PATHS = "@executable_path/Frameworks";
				LIBRARY_SEARCH_PATHS = (
					"$(inherited)",
					"$(PROJECT_DIR)",
				);
				PRODUCT_BUNDLE_IDENTIFIER = com.changhong.smarthome;
				PRODUCT_NAME = "$(TARGET_NAME)";
				SUPPORTED_PLATFORMS = "iphoneos iphonesimulator";
				SUPPORTS_MACCATALYST = NO;
				SUPPORTS_MAC_DESIGNED_FOR_IPHONE_IPAD = NO;
				SUPPORTS_XR_DESIGNED_FOR_IPHONE_IPAD = NO;
				TARGETED_DEVICE_FAMILY = "1,2";
				VALIDATE_WORKSPACE = NO;
			};
			name = Debug;
		};
		1D6058950D05DD3E006BFB54 /* Release */ = {
			isa = XCBuildConfiguration;
			baseConfigurationReference = 10284FBE6764AFB2C76B00F1 /* Pods-SmartHome.release.xcconfig */;
			buildSettings = {
				ALWAYS_SEARCH_USER_PATHS = NO;
				ASSETCATALOG_COMPILER_APPICON_NAME = AppIcon;
				CLANG_ENABLE_MODULES = YES;
				CLANG_ENABLE_OBJC_ARC = YES;
				CODE_SIGN_ENTITLEMENTS = "$(PROJECT_DIR)/$(PROJECT_NAME)/Entitlements-$(CONFIGURATION).plist";
				CODE_SIGN_IDENTITY = "Apple Distribution";
				COPY_PHASE_STRIP = YES;
				DEVELOPMENT_TEAM = SNTPLPT9BQ;
				GCC_PRECOMPILE_PREFIX_HEADER = YES;
				GCC_PREFIX_HEADER = "SmartHome/SmartHome-Prefix.pch";
				GCC_THUMB_SUPPORT = NO;
				GCC_VERSION = "";
				INFOPLIST_FILE = "SmartHome/SmartHome-Info.plist";
				IPHONEOS_DEPLOYMENT_TARGET = 12.0;
				LD_RUNPATH_SEARCH_PATHS = "@executable_path/Frameworks";
				LIBRARY_SEARCH_PATHS = (
					"$(inherited)",
					"$(PROJECT_DIR)",
				);
				PRODUCT_BUNDLE_IDENTIFIER = com.changhong.smarthome;
				PRODUCT_NAME = "$(TARGET_NAME)";
				SUPPORTED_PLATFORMS = "iphoneos iphonesimulator";
				SUPPORTS_MACCATALYST = NO;
				SUPPORTS_MAC_DESIGNED_FOR_IPHONE_IPAD = NO;
				SUPPORTS_XR_DESIGNED_FOR_IPHONE_IPAD = NO;
				TARGETED_DEVICE_FAMILY = "1,2";
				VALIDATE_WORKSPACE = NO;
			};
			name = Release;
		};
		99FCCC342D27B8F500A5E689 /* Debug(Dev) */ = {
			isa = XCBuildConfiguration;
			baseConfigurationReference = 99FCCC452D27BC2200A5E689 /* Dev.xcconfig */;
			buildSettings = {
				ASSETCATALOG_COMPILER_GENERATE_SWIFT_ASSET_SYMBOL_EXTENSIONS = YES;
				CLANG_ANALYZER_LOCALIZABILITY_NONLOCALIZED = YES;
				CLANG_ENABLE_MODULES = YES;
				CLANG_ENABLE_OBJC_ARC = YES;
				CLANG_WARN_BLOCK_CAPTURE_AUTORELEASING = YES;
				CLANG_WARN_BOOL_CONVERSION = YES;
				CLANG_WARN_COMMA = YES;
				CLANG_WARN_CONSTANT_CONVERSION = YES;
				CLANG_WARN_DEPRECATED_OBJC_IMPLEMENTATIONS = YES;
				CLANG_WARN_EMPTY_BODY = YES;
				CLANG_WARN_ENUM_CONVERSION = YES;
				CLANG_WARN_INFINITE_RECURSION = YES;
				CLANG_WARN_INT_CONVERSION = YES;
				CLANG_WARN_NON_LITERAL_NULL_CONVERSION = YES;
				CLANG_WARN_OBJC_IMPLICIT_RETAIN_SELF = YES;
				CLANG_WARN_OBJC_LITERAL_CONVERSION = YES;
				CLANG_WARN_QUOTED_INCLUDE_IN_FRAMEWORK_HEADER = YES;
				CLANG_WARN_RANGE_LOOP_ANALYSIS = YES;
				CLANG_WARN_STRICT_PROTOTYPES = YES;
				CLANG_WARN_SUSPICIOUS_MOVE = YES;
				CLANG_WARN_UNREACHABLE_CODE = YES;
				CLANG_WARN__DUPLICATE_METHOD_MATCH = YES;
				CODE_SIGN_IDENTITY = "Apple Development";
				ENABLE_STRICT_OBJC_MSGSEND = YES;
				ENABLE_TESTABILITY = YES;
				ENABLE_USER_SCRIPT_SANDBOXING = NO;
				GCC_C_LANGUAGE_STANDARD = c99;
				GCC_NO_COMMON_BLOCKS = YES;
				GCC_THUMB_SUPPORT = NO;
				GCC_VERSION = "";
				GCC_WARN_64_TO_32_BIT_CONVERSION = YES;
				GCC_WARN_ABOUT_RETURN_TYPE = YES;
				GCC_WARN_UNDECLARED_SELECTOR = YES;
				GCC_WARN_UNINITIALIZED_AUTOS = YES;
				GCC_WARN_UNUSED_FUNCTION = YES;
				GCC_WARN_UNUSED_VARIABLE = YES;
				IPHONEOS_DEPLOYMENT_TARGET = 12.0;
				MERGED_BINARY_TYPE = automatic;
				ONLY_ACTIVE_ARCH = YES;
				SDKROOT = iphoneos;
				SKIP_INSTALL = NO;
				WK_WEB_VIEW_ONLY = 1;
			};
			name = "Debug(Dev)";
		};
		99FCCC352D27B8F500A5E689 /* Debug(Dev) */ = {
			isa = XCBuildConfiguration;
			baseConfigurationReference = B04E78B328223153C4D34916 /* Pods-SmartHome.debug(dev).xcconfig */;
			buildSettings = {
				ALWAYS_SEARCH_USER_PATHS = NO;
				ASSETCATALOG_COMPILER_APPICON_NAME = AppIcon;
				CLANG_ENABLE_MODULES = YES;
				CLANG_ENABLE_OBJC_ARC = YES;
				CODE_SIGN_ENTITLEMENTS = "$(PROJECT_DIR)/$(PROJECT_NAME)/Entitlements-Debug.plist";
				CODE_SIGN_IDENTITY = "Apple Development";
				COPY_PHASE_STRIP = NO;
				DEVELOPMENT_TEAM = SNTPLPT9BQ;
				GCC_DYNAMIC_NO_PIC = NO;
				GCC_OPTIMIZATION_LEVEL = 0;
				GCC_PRECOMPILE_PREFIX_HEADER = YES;
				GCC_PREFIX_HEADER = "SmartHome/SmartHome-Prefix.pch";
				GCC_THUMB_SUPPORT = NO;
				GCC_VERSION = "";
				INFOPLIST_FILE = "SmartHome/SmartHome-Info.plist";
				IPHONEOS_DEPLOYMENT_TARGET = 12.0;
				LD_RUNPATH_SEARCH_PATHS = "@executable_path/Frameworks";
				LIBRARY_SEARCH_PATHS = (
					"$(inherited)",
					"$(PROJECT_DIR)",
				);
				PRODUCT_BUNDLE_IDENTIFIER = com.changhong.smarthome;
				PRODUCT_NAME = "$(TARGET_NAME)";
				SUPPORTED_PLATFORMS = "iphoneos iphonesimulator";
				SUPPORTS_MACCATALYST = NO;
				SUPPORTS_MAC_DESIGNED_FOR_IPHONE_IPAD = NO;
				SUPPORTS_XR_DESIGNED_FOR_IPHONE_IPAD = NO;
				TARGETED_DEVICE_FAMILY = "1,2";
				VALIDATE_WORKSPACE = NO;
			};
			name = "Debug(Dev)";
		};
		99FCCC362D27B90300A5E689 /* Debug(Test) */ = {
			isa = XCBuildConfiguration;
			baseConfigurationReference = 99FCCC472D27BC3000A5E689 /* Test.xcconfig */;
			buildSettings = {
				ASSETCATALOG_COMPILER_GENERATE_SWIFT_ASSET_SYMBOL_EXTENSIONS = YES;
				CLANG_ANALYZER_LOCALIZABILITY_NONLOCALIZED = YES;
				CLANG_ENABLE_MODULES = YES;
				CLANG_ENABLE_OBJC_ARC = YES;
				CLANG_WARN_BLOCK_CAPTURE_AUTORELEASING = YES;
				CLANG_WARN_BOOL_CONVERSION = YES;
				CLANG_WARN_COMMA = YES;
				CLANG_WARN_CONSTANT_CONVERSION = YES;
				CLANG_WARN_DEPRECATED_OBJC_IMPLEMENTATIONS = YES;
				CLANG_WARN_EMPTY_BODY = YES;
				CLANG_WARN_ENUM_CONVERSION = YES;
				CLANG_WARN_INFINITE_RECURSION = YES;
				CLANG_WARN_INT_CONVERSION = YES;
				CLANG_WARN_NON_LITERAL_NULL_CONVERSION = YES;
				CLANG_WARN_OBJC_IMPLICIT_RETAIN_SELF = YES;
				CLANG_WARN_OBJC_LITERAL_CONVERSION = YES;
				CLANG_WARN_QUOTED_INCLUDE_IN_FRAMEWORK_HEADER = YES;
				CLANG_WARN_RANGE_LOOP_ANALYSIS = YES;
				CLANG_WARN_STRICT_PROTOTYPES = YES;
				CLANG_WARN_SUSPICIOUS_MOVE = YES;
				CLANG_WARN_UNREACHABLE_CODE = YES;
				CLANG_WARN__DUPLICATE_METHOD_MATCH = YES;
				CODE_SIGN_IDENTITY = "Apple Development";
				ENABLE_STRICT_OBJC_MSGSEND = YES;
				ENABLE_TESTABILITY = YES;
				ENABLE_USER_SCRIPT_SANDBOXING = NO;
				GCC_C_LANGUAGE_STANDARD = c99;
				GCC_NO_COMMON_BLOCKS = YES;
				GCC_THUMB_SUPPORT = NO;
				GCC_VERSION = "";
				GCC_WARN_64_TO_32_BIT_CONVERSION = YES;
				GCC_WARN_ABOUT_RETURN_TYPE = YES;
				GCC_WARN_UNDECLARED_SELECTOR = YES;
				GCC_WARN_UNINITIALIZED_AUTOS = YES;
				GCC_WARN_UNUSED_FUNCTION = YES;
				GCC_WARN_UNUSED_VARIABLE = YES;
				IPHONEOS_DEPLOYMENT_TARGET = 12.0;
				MERGED_BINARY_TYPE = automatic;
				ONLY_ACTIVE_ARCH = YES;
				SDKROOT = iphoneos;
				SKIP_INSTALL = NO;
				WK_WEB_VIEW_ONLY = 1;
			};
			name = "Debug(Test)";
		};
		99FCCC372D27B90300A5E689 /* Debug(Test) */ = {
			isa = XCBuildConfiguration;
			baseConfigurationReference = 1013E1FC3A0739F5A44D8713 /* Pods-SmartHome.debug(test).xcconfig */;
			buildSettings = {
				ALWAYS_SEARCH_USER_PATHS = NO;
				ASSETCATALOG_COMPILER_APPICON_NAME = AppIcon;
				CLANG_ENABLE_MODULES = YES;
				CLANG_ENABLE_OBJC_ARC = YES;
				CODE_SIGN_ENTITLEMENTS = "$(PROJECT_DIR)/$(PROJECT_NAME)/Entitlements-Debug.plist";
				CODE_SIGN_IDENTITY = "Apple Development";
				COPY_PHASE_STRIP = NO;
				DEVELOPMENT_TEAM = SNTPLPT9BQ;
				GCC_DYNAMIC_NO_PIC = NO;
				GCC_OPTIMIZATION_LEVEL = 0;
				GCC_PRECOMPILE_PREFIX_HEADER = YES;
				GCC_PREFIX_HEADER = "SmartHome/SmartHome-Prefix.pch";
				GCC_THUMB_SUPPORT = NO;
				GCC_VERSION = "";
				INFOPLIST_FILE = "SmartHome/SmartHome-Info.plist";
				IPHONEOS_DEPLOYMENT_TARGET = 12.0;
				LD_RUNPATH_SEARCH_PATHS = "@executable_path/Frameworks";
				LIBRARY_SEARCH_PATHS = (
					"$(inherited)",
					"$(PROJECT_DIR)",
				);
				PRODUCT_BUNDLE_IDENTIFIER = com.changhong.smarthome;
				PRODUCT_NAME = "$(TARGET_NAME)";
				SUPPORTED_PLATFORMS = "iphoneos iphonesimulator";
				SUPPORTS_MACCATALYST = NO;
				SUPPORTS_MAC_DESIGNED_FOR_IPHONE_IPAD = NO;
				SUPPORTS_XR_DESIGNED_FOR_IPHONE_IPAD = NO;
				TARGETED_DEVICE_FAMILY = "1,2";
				VALIDATE_WORKSPACE = NO;
			};
			name = "Debug(Test)";
		};
		99FCCC382D27B90A00A5E689 /* Debug(Prod) */ = {
			isa = XCBuildConfiguration;
			baseConfigurationReference = 99FCCC492D27BC3B00A5E689 /* Prod.xcconfig */;
			buildSettings = {
				ASSETCATALOG_COMPILER_GENERATE_SWIFT_ASSET_SYMBOL_EXTENSIONS = YES;
				CLANG_ANALYZER_LOCALIZABILITY_NONLOCALIZED = YES;
				CLANG_ENABLE_MODULES = YES;
				CLANG_ENABLE_OBJC_ARC = YES;
				CLANG_WARN_BLOCK_CAPTURE_AUTORELEASING = YES;
				CLANG_WARN_BOOL_CONVERSION = YES;
				CLANG_WARN_COMMA = YES;
				CLANG_WARN_CONSTANT_CONVERSION = YES;
				CLANG_WARN_DEPRECATED_OBJC_IMPLEMENTATIONS = YES;
				CLANG_WARN_EMPTY_BODY = YES;
				CLANG_WARN_ENUM_CONVERSION = YES;
				CLANG_WARN_INFINITE_RECURSION = YES;
				CLANG_WARN_INT_CONVERSION = YES;
				CLANG_WARN_NON_LITERAL_NULL_CONVERSION = YES;
				CLANG_WARN_OBJC_IMPLICIT_RETAIN_SELF = YES;
				CLANG_WARN_OBJC_LITERAL_CONVERSION = YES;
				CLANG_WARN_QUOTED_INCLUDE_IN_FRAMEWORK_HEADER = YES;
				CLANG_WARN_RANGE_LOOP_ANALYSIS = YES;
				CLANG_WARN_STRICT_PROTOTYPES = YES;
				CLANG_WARN_SUSPICIOUS_MOVE = YES;
				CLANG_WARN_UNREACHABLE_CODE = YES;
				CLANG_WARN__DUPLICATE_METHOD_MATCH = YES;
				CODE_SIGN_IDENTITY = "Apple Development";
				ENABLE_STRICT_OBJC_MSGSEND = YES;
				ENABLE_TESTABILITY = YES;
				ENABLE_USER_SCRIPT_SANDBOXING = NO;
				GCC_C_LANGUAGE_STANDARD = c99;
				GCC_NO_COMMON_BLOCKS = YES;
				GCC_THUMB_SUPPORT = NO;
				GCC_VERSION = "";
				GCC_WARN_64_TO_32_BIT_CONVERSION = YES;
				GCC_WARN_ABOUT_RETURN_TYPE = YES;
				GCC_WARN_UNDECLARED_SELECTOR = YES;
				GCC_WARN_UNINITIALIZED_AUTOS = YES;
				GCC_WARN_UNUSED_FUNCTION = YES;
				GCC_WARN_UNUSED_VARIABLE = YES;
				IPHONEOS_DEPLOYMENT_TARGET = 12.0;
				MERGED_BINARY_TYPE = automatic;
				ONLY_ACTIVE_ARCH = YES;
				SDKROOT = iphoneos;
				SKIP_INSTALL = NO;
				WK_WEB_VIEW_ONLY = 1;
			};
			name = "Debug(Prod)";
		};
		99FCCC392D27B90A00A5E689 /* Debug(Prod) */ = {
			isa = XCBuildConfiguration;
			baseConfigurationReference = C0A032B391792E88688D9D3B /* Pods-SmartHome.debug(prod).xcconfig */;
			buildSettings = {
				ALWAYS_SEARCH_USER_PATHS = NO;
				ASSETCATALOG_COMPILER_APPICON_NAME = AppIcon;
				CLANG_ENABLE_MODULES = YES;
				CLANG_ENABLE_OBJC_ARC = YES;
				CODE_SIGN_ENTITLEMENTS = "$(PROJECT_DIR)/$(PROJECT_NAME)/Entitlements-Debug.plist";
				CODE_SIGN_IDENTITY = "Apple Development";
				COPY_PHASE_STRIP = NO;
				DEVELOPMENT_TEAM = SNTPLPT9BQ;
				GCC_DYNAMIC_NO_PIC = NO;
				GCC_OPTIMIZATION_LEVEL = 0;
				GCC_PRECOMPILE_PREFIX_HEADER = YES;
				GCC_PREFIX_HEADER = "SmartHome/SmartHome-Prefix.pch";
				GCC_THUMB_SUPPORT = NO;
				GCC_VERSION = "";
				INFOPLIST_FILE = "SmartHome/SmartHome-Info.plist";
				IPHONEOS_DEPLOYMENT_TARGET = 12.0;
				LD_RUNPATH_SEARCH_PATHS = "@executable_path/Frameworks";
				LIBRARY_SEARCH_PATHS = (
					"$(inherited)",
					"$(PROJECT_DIR)",
				);
				PRODUCT_BUNDLE_IDENTIFIER = com.changhong.smarthome;
				PRODUCT_NAME = "$(TARGET_NAME)";
				SUPPORTED_PLATFORMS = "iphoneos iphonesimulator";
				SUPPORTS_MACCATALYST = NO;
				SUPPORTS_MAC_DESIGNED_FOR_IPHONE_IPAD = NO;
				SUPPORTS_XR_DESIGNED_FOR_IPHONE_IPAD = NO;
				TARGETED_DEVICE_FAMILY = "1,2";
				VALIDATE_WORKSPACE = NO;
			};
			name = "Debug(Prod)";
		};
		99FCCC3A2D27B91D00A5E689 /* Release(Dev) */ = {
			isa = XCBuildConfiguration;
			baseConfigurationReference = 99FCCC452D27BC2200A5E689 /* Dev.xcconfig */;
			buildSettings = {
				ASSETCATALOG_COMPILER_GENERATE_SWIFT_ASSET_SYMBOL_EXTENSIONS = YES;
				CLANG_ANALYZER_LOCALIZABILITY_NONLOCALIZED = YES;
				CLANG_ENABLE_MODULES = YES;
				CLANG_ENABLE_OBJC_ARC = YES;
				CLANG_WARN_BLOCK_CAPTURE_AUTORELEASING = YES;
				CLANG_WARN_BOOL_CONVERSION = YES;
				CLANG_WARN_COMMA = YES;
				CLANG_WARN_CONSTANT_CONVERSION = YES;
				CLANG_WARN_DEPRECATED_OBJC_IMPLEMENTATIONS = YES;
				CLANG_WARN_EMPTY_BODY = YES;
				CLANG_WARN_ENUM_CONVERSION = YES;
				CLANG_WARN_INFINITE_RECURSION = YES;
				CLANG_WARN_INT_CONVERSION = YES;
				CLANG_WARN_NON_LITERAL_NULL_CONVERSION = YES;
				CLANG_WARN_OBJC_IMPLICIT_RETAIN_SELF = YES;
				CLANG_WARN_OBJC_LITERAL_CONVERSION = YES;
				CLANG_WARN_QUOTED_INCLUDE_IN_FRAMEWORK_HEADER = YES;
				CLANG_WARN_RANGE_LOOP_ANALYSIS = YES;
				CLANG_WARN_STRICT_PROTOTYPES = YES;
				CLANG_WARN_SUSPICIOUS_MOVE = YES;
				CLANG_WARN_UNREACHABLE_CODE = YES;
				CLANG_WARN__DUPLICATE_METHOD_MATCH = YES;
				CODE_SIGN_IDENTITY = "Apple Distribution";
				ENABLE_STRICT_OBJC_MSGSEND = YES;
				ENABLE_USER_SCRIPT_SANDBOXING = NO;
				GCC_C_LANGUAGE_STANDARD = c99;
				GCC_NO_COMMON_BLOCKS = YES;
				GCC_THUMB_SUPPORT = NO;
				GCC_VERSION = "";
				GCC_WARN_64_TO_32_BIT_CONVERSION = YES;
				GCC_WARN_ABOUT_RETURN_TYPE = YES;
				GCC_WARN_UNDECLARED_SELECTOR = YES;
				GCC_WARN_UNINITIALIZED_AUTOS = YES;
				GCC_WARN_UNUSED_FUNCTION = YES;
				GCC_WARN_UNUSED_VARIABLE = YES;
				IPHONEOS_DEPLOYMENT_TARGET = 12.0;
				MERGED_BINARY_TYPE = automatic;
				SDKROOT = iphoneos;
				SKIP_INSTALL = NO;
				WK_WEB_VIEW_ONLY = 1;
			};
			name = "Release(Dev)";
		};
		99FCCC3B2D27B91D00A5E689 /* Release(Dev) */ = {
			isa = XCBuildConfiguration;
			baseConfigurationReference = B922945F13C22BBCD03E931E /* Pods-SmartHome.release(dev).xcconfig */;
			buildSettings = {
				ALWAYS_SEARCH_USER_PATHS = NO;
				ASSETCATALOG_COMPILER_APPICON_NAME = AppIcon;
				CLANG_ENABLE_MODULES = YES;
				CLANG_ENABLE_OBJC_ARC = YES;
				CODE_SIGN_ENTITLEMENTS = "$(PROJECT_DIR)/$(PROJECT_NAME)/Entitlements-Release.plist";
				CODE_SIGN_IDENTITY = "Apple Distribution";
				COPY_PHASE_STRIP = YES;
				DEVELOPMENT_TEAM = SNTPLPT9BQ;
				GCC_PRECOMPILE_PREFIX_HEADER = YES;
				GCC_PREFIX_HEADER = "SmartHome/SmartHome-Prefix.pch";
				GCC_THUMB_SUPPORT = NO;
				GCC_VERSION = "";
				INFOPLIST_FILE = "SmartHome/SmartHome-Info.plist";
				IPHONEOS_DEPLOYMENT_TARGET = 12.0;
				LD_RUNPATH_SEARCH_PATHS = "@executable_path/Frameworks";
				LIBRARY_SEARCH_PATHS = (
					"$(inherited)",
					"$(PROJECT_DIR)",
				);
				PRODUCT_BUNDLE_IDENTIFIER = com.changhong.smarthome;
				PRODUCT_NAME = "$(TARGET_NAME)";
				SUPPORTED_PLATFORMS = "iphoneos iphonesimulator";
				SUPPORTS_MACCATALYST = NO;
				SUPPORTS_MAC_DESIGNED_FOR_IPHONE_IPAD = NO;
				SUPPORTS_XR_DESIGNED_FOR_IPHONE_IPAD = NO;
				TARGETED_DEVICE_FAMILY = "1,2";
				VALIDATE_WORKSPACE = NO;
			};
			name = "Release(Dev)";
		};
		99FCCC3C2D27B92400A5E689 /* Release(Test) */ = {
			isa = XCBuildConfiguration;
			baseConfigurationReference = 99FCCC472D27BC3000A5E689 /* Test.xcconfig */;
			buildSettings = {
				ASSETCATALOG_COMPILER_GENERATE_SWIFT_ASSET_SYMBOL_EXTENSIONS = YES;
				CLANG_ANALYZER_LOCALIZABILITY_NONLOCALIZED = YES;
				CLANG_ENABLE_MODULES = YES;
				CLANG_ENABLE_OBJC_ARC = YES;
				CLANG_WARN_BLOCK_CAPTURE_AUTORELEASING = YES;
				CLANG_WARN_BOOL_CONVERSION = YES;
				CLANG_WARN_COMMA = YES;
				CLANG_WARN_CONSTANT_CONVERSION = YES;
				CLANG_WARN_DEPRECATED_OBJC_IMPLEMENTATIONS = YES;
				CLANG_WARN_EMPTY_BODY = YES;
				CLANG_WARN_ENUM_CONVERSION = YES;
				CLANG_WARN_INFINITE_RECURSION = YES;
				CLANG_WARN_INT_CONVERSION = YES;
				CLANG_WARN_NON_LITERAL_NULL_CONVERSION = YES;
				CLANG_WARN_OBJC_IMPLICIT_RETAIN_SELF = YES;
				CLANG_WARN_OBJC_LITERAL_CONVERSION = YES;
				CLANG_WARN_QUOTED_INCLUDE_IN_FRAMEWORK_HEADER = YES;
				CLANG_WARN_RANGE_LOOP_ANALYSIS = YES;
				CLANG_WARN_STRICT_PROTOTYPES = YES;
				CLANG_WARN_SUSPICIOUS_MOVE = YES;
				CLANG_WARN_UNREACHABLE_CODE = YES;
				CLANG_WARN__DUPLICATE_METHOD_MATCH = YES;
				CODE_SIGN_IDENTITY = "Apple Distribution";
				ENABLE_STRICT_OBJC_MSGSEND = YES;
				ENABLE_USER_SCRIPT_SANDBOXING = NO;
				GCC_C_LANGUAGE_STANDARD = c99;
				GCC_NO_COMMON_BLOCKS = YES;
				GCC_THUMB_SUPPORT = NO;
				GCC_VERSION = "";
				GCC_WARN_64_TO_32_BIT_CONVERSION = YES;
				GCC_WARN_ABOUT_RETURN_TYPE = YES;
				GCC_WARN_UNDECLARED_SELECTOR = YES;
				GCC_WARN_UNINITIALIZED_AUTOS = YES;
				GCC_WARN_UNUSED_FUNCTION = YES;
				GCC_WARN_UNUSED_VARIABLE = YES;
				IPHONEOS_DEPLOYMENT_TARGET = 12.0;
				MERGED_BINARY_TYPE = automatic;
				SDKROOT = iphoneos;
				SKIP_INSTALL = NO;
				WK_WEB_VIEW_ONLY = 1;
			};
			name = "Release(Test)";
		};
		99FCCC3D2D27B92400A5E689 /* Release(Test) */ = {
			isa = XCBuildConfiguration;
			baseConfigurationReference = 82718B4EC76D3AE8DB81C8A9 /* Pods-SmartHome.release(test).xcconfig */;
			buildSettings = {
				ALWAYS_SEARCH_USER_PATHS = NO;
				ASSETCATALOG_COMPILER_APPICON_NAME = AppIcon;
				CLANG_ENABLE_MODULES = YES;
				CLANG_ENABLE_OBJC_ARC = YES;
				CODE_SIGN_ENTITLEMENTS = "$(PROJECT_DIR)/$(PROJECT_NAME)/Entitlements-Release.plist";
				CODE_SIGN_IDENTITY = "Apple Distribution";
				COPY_PHASE_STRIP = YES;
				DEVELOPMENT_TEAM = SNTPLPT9BQ;
				GCC_PRECOMPILE_PREFIX_HEADER = YES;
				GCC_PREFIX_HEADER = "SmartHome/SmartHome-Prefix.pch";
				GCC_THUMB_SUPPORT = NO;
				GCC_VERSION = "";
				INFOPLIST_FILE = "SmartHome/SmartHome-Info.plist";
				IPHONEOS_DEPLOYMENT_TARGET = 12.0;
				LD_RUNPATH_SEARCH_PATHS = "@executable_path/Frameworks";
				LIBRARY_SEARCH_PATHS = (
					"$(inherited)",
					"$(PROJECT_DIR)",
				);
				PRODUCT_BUNDLE_IDENTIFIER = com.changhong.smarthome;
				PRODUCT_NAME = "$(TARGET_NAME)";
				SUPPORTED_PLATFORMS = "iphoneos iphonesimulator";
				SUPPORTS_MACCATALYST = NO;
				SUPPORTS_MAC_DESIGNED_FOR_IPHONE_IPAD = NO;
				SUPPORTS_XR_DESIGNED_FOR_IPHONE_IPAD = NO;
				TARGETED_DEVICE_FAMILY = "1,2";
				VALIDATE_WORKSPACE = NO;
			};
			name = "Release(Test)";
		};
		99FCCC3E2D27B92B00A5E689 /* Release(Prod) */ = {
			isa = XCBuildConfiguration;
			baseConfigurationReference = 99FCCC492D27BC3B00A5E689 /* Prod.xcconfig */;
			buildSettings = {
				ASSETCATALOG_COMPILER_GENERATE_SWIFT_ASSET_SYMBOL_EXTENSIONS = YES;
				CLANG_ANALYZER_LOCALIZABILITY_NONLOCALIZED = YES;
				CLANG_ENABLE_MODULES = YES;
				CLANG_ENABLE_OBJC_ARC = YES;
				CLANG_WARN_BLOCK_CAPTURE_AUTORELEASING = YES;
				CLANG_WARN_BOOL_CONVERSION = YES;
				CLANG_WARN_COMMA = YES;
				CLANG_WARN_CONSTANT_CONVERSION = YES;
				CLANG_WARN_DEPRECATED_OBJC_IMPLEMENTATIONS = YES;
				CLANG_WARN_EMPTY_BODY = YES;
				CLANG_WARN_ENUM_CONVERSION = YES;
				CLANG_WARN_INFINITE_RECURSION = YES;
				CLANG_WARN_INT_CONVERSION = YES;
				CLANG_WARN_NON_LITERAL_NULL_CONVERSION = YES;
				CLANG_WARN_OBJC_IMPLICIT_RETAIN_SELF = YES;
				CLANG_WARN_OBJC_LITERAL_CONVERSION = YES;
				CLANG_WARN_QUOTED_INCLUDE_IN_FRAMEWORK_HEADER = YES;
				CLANG_WARN_RANGE_LOOP_ANALYSIS = YES;
				CLANG_WARN_STRICT_PROTOTYPES = YES;
				CLANG_WARN_SUSPICIOUS_MOVE = YES;
				CLANG_WARN_UNREACHABLE_CODE = YES;
				CLANG_WARN__DUPLICATE_METHOD_MATCH = YES;
				CODE_SIGN_IDENTITY = "Apple Distribution";
				ENABLE_STRICT_OBJC_MSGSEND = YES;
				ENABLE_USER_SCRIPT_SANDBOXING = NO;
				GCC_C_LANGUAGE_STANDARD = c99;
				GCC_NO_COMMON_BLOCKS = YES;
				GCC_THUMB_SUPPORT = NO;
				GCC_VERSION = "";
				GCC_WARN_64_TO_32_BIT_CONVERSION = YES;
				GCC_WARN_ABOUT_RETURN_TYPE = YES;
				GCC_WARN_UNDECLARED_SELECTOR = YES;
				GCC_WARN_UNINITIALIZED_AUTOS = YES;
				GCC_WARN_UNUSED_FUNCTION = YES;
				GCC_WARN_UNUSED_VARIABLE = YES;
				IPHONEOS_DEPLOYMENT_TARGET = 12.0;
				MERGED_BINARY_TYPE = automatic;
				SDKROOT = iphoneos;
				SKIP_INSTALL = NO;
				WK_WEB_VIEW_ONLY = 1;
			};
			name = "Release(Prod)";
		};
		99FCCC3F2D27B92B00A5E689 /* Release(Prod) */ = {
			isa = XCBuildConfiguration;
			baseConfigurationReference = 0D4B02D145F3C11B5C303562 /* Pods-SmartHome.release(prod).xcconfig */;
			buildSettings = {
				ALWAYS_SEARCH_USER_PATHS = NO;
				ASSETCATALOG_COMPILER_APPICON_NAME = AppIcon;
				CLANG_ENABLE_MODULES = YES;
				CLANG_ENABLE_OBJC_ARC = YES;
				CODE_SIGN_ENTITLEMENTS = "$(PROJECT_DIR)/$(PROJECT_NAME)/Entitlements-Release.plist";
				CODE_SIGN_IDENTITY = "Apple Distribution";
				COPY_PHASE_STRIP = YES;
				DEVELOPMENT_TEAM = SNTPLPT9BQ;
				GCC_PRECOMPILE_PREFIX_HEADER = YES;
				GCC_PREFIX_HEADER = "SmartHome/SmartHome-Prefix.pch";
				GCC_THUMB_SUPPORT = NO;
				GCC_VERSION = "";
				INFOPLIST_FILE = "SmartHome/SmartHome-Info.plist";
				IPHONEOS_DEPLOYMENT_TARGET = 12.0;
				LD_RUNPATH_SEARCH_PATHS = "@executable_path/Frameworks";
				LIBRARY_SEARCH_PATHS = (
					"$(inherited)",
					"$(PROJECT_DIR)",
				);
				PRODUCT_BUNDLE_IDENTIFIER = com.changhong.smarthome;
				PRODUCT_NAME = "$(TARGET_NAME)";
				SUPPORTED_PLATFORMS = "iphoneos iphonesimulator";
				SUPPORTS_MACCATALYST = NO;
				SUPPORTS_MAC_DESIGNED_FOR_IPHONE_IPAD = NO;
				SUPPORTS_XR_DESIGNED_FOR_IPHONE_IPAD = NO;
				TARGETED_DEVICE_FAMILY = "1,2";
				VALIDATE_WORKSPACE = NO;
			};
			name = "Release(Prod)";
		};
		C01FCF4F08A954540054247B /* Debug */ = {
			isa = XCBuildConfiguration;
			baseConfigurationReference = 3047A5111AB8059700498E2A /* build.xcconfig */;
			buildSettings = {
				ASSETCATALOG_COMPILER_GENERATE_SWIFT_ASSET_SYMBOL_EXTENSIONS = YES;
				CLANG_ANALYZER_LOCALIZABILITY_NONLOCALIZED = YES;
				CLANG_ENABLE_MODULES = YES;
				CLANG_ENABLE_OBJC_ARC = YES;
				CLANG_WARN_BLOCK_CAPTURE_AUTORELEASING = YES;
				CLANG_WARN_BOOL_CONVERSION = YES;
				CLANG_WARN_COMMA = YES;
				CLANG_WARN_CONSTANT_CONVERSION = YES;
				CLANG_WARN_DEPRECATED_OBJC_IMPLEMENTATIONS = YES;
				CLANG_WARN_EMPTY_BODY = YES;
				CLANG_WARN_ENUM_CONVERSION = YES;
				CLANG_WARN_INFINITE_RECURSION = YES;
				CLANG_WARN_INT_CONVERSION = YES;
				CLANG_WARN_NON_LITERAL_NULL_CONVERSION = YES;
				CLANG_WARN_OBJC_IMPLICIT_RETAIN_SELF = YES;
				CLANG_WARN_OBJC_LITERAL_CONVERSION = YES;
				CLANG_WARN_QUOTED_INCLUDE_IN_FRAMEWORK_HEADER = YES;
				CLANG_WARN_RANGE_LOOP_ANALYSIS = YES;
				CLANG_WARN_STRICT_PROTOTYPES = YES;
				CLANG_WARN_SUSPICIOUS_MOVE = YES;
				CLANG_WARN_UNREACHABLE_CODE = YES;
				CLANG_WARN__DUPLICATE_METHOD_MATCH = YES;
				CODE_SIGN_IDENTITY = "Apple Development";
				ENABLE_STRICT_OBJC_MSGSEND = YES;
				ENABLE_TESTABILITY = YES;
				ENABLE_USER_SCRIPT_SANDBOXING = NO;
				GCC_C_LANGUAGE_STANDARD = c99;
				GCC_NO_COMMON_BLOCKS = YES;
				GCC_THUMB_SUPPORT = NO;
				GCC_VERSION = "";
				GCC_WARN_64_TO_32_BIT_CONVERSION = YES;
				GCC_WARN_ABOUT_RETURN_TYPE = YES;
				GCC_WARN_UNDECLARED_SELECTOR = YES;
				GCC_WARN_UNINITIALIZED_AUTOS = YES;
				GCC_WARN_UNUSED_FUNCTION = YES;
				GCC_WARN_UNUSED_VARIABLE = YES;
				IPHONEOS_DEPLOYMENT_TARGET = 12.0;
				MERGED_BINARY_TYPE = automatic;
				ONLY_ACTIVE_ARCH = YES;
				SDKROOT = iphoneos;
				SKIP_INSTALL = NO;
				WK_WEB_VIEW_ONLY = 1;
			};
			name = Debug;
		};
		C01FCF5008A954540054247B /* Release */ = {
			isa = XCBuildConfiguration;
			baseConfigurationReference = 3047A5111AB8059700498E2A /* build.xcconfig */;
			buildSettings = {
				ASSETCATALOG_COMPILER_GENERATE_SWIFT_ASSET_SYMBOL_EXTENSIONS = YES;
				CLANG_ANALYZER_LOCALIZABILITY_NONLOCALIZED = YES;
				CLANG_ENABLE_MODULES = YES;
				CLANG_ENABLE_OBJC_ARC = YES;
				CLANG_WARN_BLOCK_CAPTURE_AUTORELEASING = YES;
				CLANG_WARN_BOOL_CONVERSION = YES;
				CLANG_WARN_COMMA = YES;
				CLANG_WARN_CONSTANT_CONVERSION = YES;
				CLANG_WARN_DEPRECATED_OBJC_IMPLEMENTATIONS = YES;
				CLANG_WARN_EMPTY_BODY = YES;
				CLANG_WARN_ENUM_CONVERSION = YES;
				CLANG_WARN_INFINITE_RECURSION = YES;
				CLANG_WARN_INT_CONVERSION = YES;
				CLANG_WARN_NON_LITERAL_NULL_CONVERSION = YES;
				CLANG_WARN_OBJC_IMPLICIT_RETAIN_SELF = YES;
				CLANG_WARN_OBJC_LITERAL_CONVERSION = YES;
				CLANG_WARN_QUOTED_INCLUDE_IN_FRAMEWORK_HEADER = YES;
				CLANG_WARN_RANGE_LOOP_ANALYSIS = YES;
				CLANG_WARN_STRICT_PROTOTYPES = YES;
				CLANG_WARN_SUSPICIOUS_MOVE = YES;
				CLANG_WARN_UNREACHABLE_CODE = YES;
				CLANG_WARN__DUPLICATE_METHOD_MATCH = YES;
				CODE_SIGN_IDENTITY = "Apple Distribution";
				ENABLE_STRICT_OBJC_MSGSEND = YES;
				ENABLE_USER_SCRIPT_SANDBOXING = NO;
				GCC_C_LANGUAGE_STANDARD = c99;
				GCC_NO_COMMON_BLOCKS = YES;
				GCC_THUMB_SUPPORT = NO;
				GCC_VERSION = "";
				GCC_WARN_64_TO_32_BIT_CONVERSION = YES;
				GCC_WARN_ABOUT_RETURN_TYPE = YES;
				GCC_WARN_UNDECLARED_SELECTOR = YES;
				GCC_WARN_UNINITIALIZED_AUTOS = YES;
				GCC_WARN_UNUSED_FUNCTION = YES;
				GCC_WARN_UNUSED_VARIABLE = YES;
				IPHONEOS_DEPLOYMENT_TARGET = 12.0;
				MERGED_BINARY_TYPE = automatic;
				SDKROOT = iphoneos;
				SKIP_INSTALL = NO;
				WK_WEB_VIEW_ONLY = 1;
			};
			name = Release;
		};
/* End XCBuildConfiguration section */

/* Begin XCConfigurationList section */
		1D6058960D05DD3E006BFB54 /* Build configuration list for PBXNativeTarget "SmartHome" */ = {
			isa = XCConfigurationList;
			buildConfigurations = (
				1D6058940D05DD3E006BFB54 /* Debug */,
				99FCCC352D27B8F500A5E689 /* Debug(Dev) */,
				99FCCC372D27B90300A5E689 /* Debug(Test) */,
				99FCCC392D27B90A00A5E689 /* Debug(Prod) */,
				1D6058950D05DD3E006BFB54 /* Release */,
				99FCCC3B2D27B91D00A5E689 /* Release(Dev) */,
				99FCCC3D2D27B92400A5E689 /* Release(Test) */,
				99FCCC3F2D27B92B00A5E689 /* Release(Prod) */,
			);
			defaultConfigurationIsVisible = 0;
			defaultConfigurationName = Release;
		};
		C01FCF4E08A954540054247B /* Build configuration list for PBXProject "SmartHome" */ = {
			isa = XCConfigurationList;
			buildConfigurations = (
				C01FCF4F08A954540054247B /* Debug */,
				99FCCC342D27B8F500A5E689 /* Debug(Dev) */,
				99FCCC362D27B90300A5E689 /* Debug(Test) */,
				99FCCC382D27B90A00A5E689 /* Debug(Prod) */,
				C01FCF5008A954540054247B /* Release */,
				99FCCC3A2D27B91D00A5E689 /* Release(Dev) */,
				99FCCC3C2D27B92400A5E689 /* Release(Test) */,
				99FCCC3E2D27B92B00A5E689 /* Release(Prod) */,
			);
			defaultConfigurationIsVisible = 0;
			defaultConfigurationName = Release;
		};
/* End XCConfigurationList section */
	};
	rootObject = 29B97313FDCFA39411CA2CEA /* Project object */;
}
